
Microsoft Visual Studio Solution File, Format Version 12.00
# Visual Studio Version 16
VisualStudioVersion = 16.0.30711.63
MinimumVisualStudioVersion = 10.0.40219.1
Project("{9A19103F-16F7-4668-BE54-9A1E7A4F7556}") = "DataProvider.Test", "DataProvider.Test\DataProvider.Test.csproj", "{1006149F-84AB-4EF0-B387-C6F0393B2E85}"
EndProject
Project("{9A19103F-16F7-4668-BE54-9A1E7A4F7556}") = "DataProvider.Web", "DataProvider.Web\DataProvider.Web.csproj", "{05C3F6D4-1923-4DF5-82B5-E9164E8E6E0D}"
EndProject
Global
	GlobalSection(SolutionConfigurationPlatforms) = preSolution
		Debug|Any CPU = Debug|Any CPU
		Release|Any CPU = Release|Any CPU
	EndGlobalSection
	GlobalSection(ProjectConfigurationPlatforms) = postSolution
		{1006149F-84AB-4EF0-B387-C6F0393B2E85}.Debug|Any CPU.ActiveCfg = Debug|Any CPU
		{1006149F-84AB-4EF0-B387-C6F0393B2E85}.Debug|Any CPU.Build.0 = Debug|Any CPU
		{1006149F-84AB-4EF0-B387-C6F0393B2E85}.Release|Any CPU.ActiveCfg = Release|Any CPU
		{1006149F-84AB-4EF0-B387-C6F0393B2E85}.Release|Any CPU.Build.0 = Release|Any CPU
		{05C3F6D4-1923-4DF5-82B5-E9164E8E6E0D}.Debug|Any CPU.ActiveCfg = Debug|Any CPU
		{05C3F6D4-1923-4DF5-82B5-E9164E8E6E0D}.Debug|Any CPU.Build.0 = Debug|Any CPU
		{05C3F6D4-1923-4DF5-82B5-E9164E8E6E0D}.Release|Any CPU.ActiveCfg = Release|Any CPU
		{05C3F6D4-1923-4DF5-82B5-E9164E8E6E0D}.Release|Any CPU.Build.0 = Release|Any CPU
	EndGlobalSection
	GlobalSection(SolutionProperties) = preSolution
		HideSolutionNode = FALSE
	EndGlobalSection
	GlobalSection(ExtensibilityGlobals) = postSolution
		SolutionGuid = {DEE02D9A-1CDA-4719-8E76-9F49F9DB5E62}
	EndGlobalSection
EndGlobal
