
Microsoft Visual Studio Solution File, Format Version 12.00
# Visual Studio 15
VisualStudioVersion = 15.0.28307.902
MinimumVisualStudioVersion = 10.0.40219.1
Project("{9A19103F-16F7-4668-BE54-9A1E7A4F7556}") = "DotNet.App", "DotNet.App\DotNet.App.csproj", "{4B3B2E65-DEA6-40C2-86DE-22DBF87FCA4B}"
EndProject
Project("{9A19103F-16F7-4668-BE54-9A1E7A4F7556}") = "DotNet.App.Test", "DotNet.App.Test\DotNet.App.Test.csproj", "{BA9BDBA4-A83A-4D67-ADF7-1FE37234DC07}"
EndProject
Project("{FAE04EC0-301F-11D3-BF4B-00C04F79EFBC}") = "DotNet.App.Benchmark", "DotNet.App.Benchmark\DotNet.App.Benchmark.csproj", "{FA32D4DF-D307-4458-8C21-F0FAE821BC24}"
EndProject
Global
	GlobalSection(SolutionConfigurationPlatforms) = preSolution
		Debug|Any CPU = Debug|Any CPU
		Release|Any CPU = Release|Any CPU
	EndGlobalSection
	GlobalSection(ProjectConfigurationPlatforms) = postSolution
		{4B3B2E65-DEA6-40C2-86DE-22DBF87FCA4B}.Debug|Any CPU.ActiveCfg = Debug|Any CPU
		{4B3B2E65-DEA6-40C2-86DE-22DBF87FCA4B}.Debug|Any CPU.Build.0 = Debug|Any CPU
		{4B3B2E65-DEA6-40C2-86DE-22DBF87FCA4B}.Release|Any CPU.ActiveCfg = Release|Any CPU
		{4B3B2E65-DEA6-40C2-86DE-22DBF87FCA4B}.Release|Any CPU.Build.0 = Release|Any CPU
		{BA9BDBA4-A83A-4D67-ADF7-1FE37234DC07}.Debug|Any CPU.ActiveCfg = Debug|Any CPU
		{BA9BDBA4-A83A-4D67-ADF7-1FE37234DC07}.Debug|Any CPU.Build.0 = Debug|Any CPU
		{BA9BDBA4-A83A-4D67-ADF7-1FE37234DC07}.Release|Any CPU.ActiveCfg = Release|Any CPU
		{BA9BDBA4-A83A-4D67-ADF7-1FE37234DC07}.Release|Any CPU.Build.0 = Release|Any CPU
		{FA32D4DF-D307-4458-8C21-F0FAE821BC24}.Debug|Any CPU.ActiveCfg = Debug|Any CPU
		{FA32D4DF-D307-4458-8C21-F0FAE821BC24}.Debug|Any CPU.Build.0 = Debug|Any CPU
		{FA32D4DF-D307-4458-8C21-F0FAE821BC24}.Release|Any CPU.ActiveCfg = Release|Any CPU
		{FA32D4DF-D307-4458-8C21-F0FAE821BC24}.Release|Any CPU.Build.0 = Release|Any CPU
	EndGlobalSection
	GlobalSection(SolutionProperties) = preSolution
		HideSolutionNode = FALSE
	EndGlobalSection
	GlobalSection(ExtensibilityGlobals) = postSolution
		SolutionGuid = {986FC69C-D095-4496-B22E-2DD7E5C2358F}
	EndGlobalSection
EndGlobal
